{
  "name": "Projeto-MultiStack-ONG",
  "lockfileVersion": 2,
  "requires": true,
  "packages": {
    "": {
      "dependencies": {
        "axios": "file:.26.0"
      }
    },
    ".26.0": {},
    "node_modules/axios": {
      "resolved": ".26.0",
      "link": true
    }
  },
  "dependencies": {
    "axios": {
      "version": "file:.26.0"
    }
  }
}
